
Microsoft Visual Studio Solution File, Format Version 12.00
# Visual Studio 15
VisualStudioVersion = 15.0.26228.4
MinimumVisualStudioVersion = 10.0.40219.1
Project("{FAE04EC0-301F-11D3-BF4B-00C04F79EFBC}") = "ShenmueHDTools", "ShenmueHDTools\ShenmueHDTools.csproj", "{C6B11412-71A1-4D4D-8E0F-5102D408CFF8}"
EndProject
Project("{FAE04EC0-301F-11D3-BF4B-00C04F79EFBC}") = "ShenmueDKSharp", "ShenmueDKSharp\ShenmueDKSharp.csproj", "{68CA6FDA-E029-4247-9229-C3A75DFA9F8D}"
EndProject
Project("{FAE04EC0-301F-11D3-BF4B-00C04F79EFBC}") = "ShenmueHDArchiver", "ShenmueHDArchiver\ShenmueHDArchiver.csproj", "{6F104C55-B0A3-4501-A3C7-AF1D65B370EA}"
EndProject
Project("{FAE04EC0-301F-11D3-BF4B-00C04F79EFBC}") = "ShenmueHDTextureConverter", "ShenmueHDTextureConverter\ShenmueHDTextureConverter.csproj", "{F73C84CD-83B7-4CBC-8D81-4B0775146B0D}"
EndProject
Project("{FAE04EC0-301F-11D3-BF4B-00C04F79EFBC}") = "ShenmueHDModelEditor", "ShenmueHDModelEditor\ShenmueHDModelEditor.csproj", "{5F06A6B9-D509-4039-940C-8BCC7BB76646}"
EndProject
Project("{FAE04EC0-301F-11D3-BF4B-00C04F79EFBC}") = "ShenmueHDMapEditor", "ShenmueHDMapEditor\ShenmueHDMapEditor.csproj", "{4AA205FB-A29A-4974-814D-E825A83BCBE4}"
EndProject
Global
	GlobalSection(SolutionConfigurationPlatforms) = preSolution
		Debug|Any CPU = Debug|Any CPU
		Release|Any CPU = Release|Any CPU
	EndGlobalSection
	GlobalSection(ProjectConfigurationPlatforms) = postSolution
		{C6B11412-71A1-4D4D-8E0F-5102D408CFF8}.Debug|Any CPU.ActiveCfg = Debug|Any CPU
		{C6B11412-71A1-4D4D-8E0F-5102D408CFF8}.Debug|Any CPU.Build.0 = Debug|Any CPU
		{C6B11412-71A1-4D4D-8E0F-5102D408CFF8}.Release|Any CPU.ActiveCfg = Release|Any CPU
		{C6B11412-71A1-4D4D-8E0F-5102D408CFF8}.Release|Any CPU.Build.0 = Release|Any CPU
		{68CA6FDA-E029-4247-9229-C3A75DFA9F8D}.Debug|Any CPU.ActiveCfg = Debug|Any CPU
		{68CA6FDA-E029-4247-9229-C3A75DFA9F8D}.Debug|Any CPU.Build.0 = Debug|Any CPU
		{68CA6FDA-E029-4247-9229-C3A75DFA9F8D}.Release|Any CPU.ActiveCfg = Release|Any CPU
		{68CA6FDA-E029-4247-9229-C3A75DFA9F8D}.Release|Any CPU.Build.0 = Release|Any CPU
		{6F104C55-B0A3-4501-A3C7-AF1D65B370EA}.Debug|Any CPU.ActiveCfg = Debug|Any CPU
		{6F104C55-B0A3-4501-A3C7-AF1D65B370EA}.Debug|Any CPU.Build.0 = Debug|Any CPU
		{6F104C55-B0A3-4501-A3C7-AF1D65B370EA}.Release|Any CPU.ActiveCfg = Release|Any CPU
		{6F104C55-B0A3-4501-A3C7-AF1D65B370EA}.Release|Any CPU.Build.0 = Release|Any CPU
		{F73C84CD-83B7-4CBC-8D81-4B0775146B0D}.Debug|Any CPU.ActiveCfg = Debug|Any CPU
		{F73C84CD-83B7-4CBC-8D81-4B0775146B0D}.Debug|Any CPU.Build.0 = Debug|Any CPU
		{F73C84CD-83B7-4CBC-8D81-4B0775146B0D}.Release|Any CPU.ActiveCfg = Release|Any CPU
		{F73C84CD-83B7-4CBC-8D81-4B0775146B0D}.Release|Any CPU.Build.0 = Release|Any CPU
		{5F06A6B9-D509-4039-940C-8BCC7BB76646}.Debug|Any CPU.ActiveCfg = Debug|Any CPU
		{5F06A6B9-D509-4039-940C-8BCC7BB76646}.Debug|Any CPU.Build.0 = Debug|Any CPU
		{5F06A6B9-D509-4039-940C-8BCC7BB76646}.Release|Any CPU.ActiveCfg = Release|Any CPU
		{5F06A6B9-D509-4039-940C-8BCC7BB76646}.Release|Any CPU.Build.0 = Release|Any CPU
		{4AA205FB-A29A-4974-814D-E825A83BCBE4}.Debug|Any CPU.ActiveCfg = Debug|Any CPU
		{4AA205FB-A29A-4974-814D-E825A83BCBE4}.Debug|Any CPU.Build.0 = Debug|Any CPU
		{4AA205FB-A29A-4974-814D-E825A83BCBE4}.Release|Any CPU.ActiveCfg = Release|Any CPU
		{4AA205FB-A29A-4974-814D-E825A83BCBE4}.Release|Any CPU.Build.0 = Release|Any CPU
	EndGlobalSection
	GlobalSection(SolutionProperties) = preSolution
		HideSolutionNode = FALSE
	EndGlobalSection
	GlobalSection(ExtensibilityGlobals) = postSolution
		SolutionGuid = {A5573802-1656-4715-9A6B-2368E380EA4A}
	EndGlobalSection
EndGlobal
