
Microsoft Visual Studio Solution File, Format Version 12.00
# Visual Studio 15
VisualStudioVersion = 15.0.27703.2000
MinimumVisualStudioVersion = 10.0.40219.1
Project("{FAE04EC0-301F-11D3-BF4B-00C04F79EFBC}") = "ShenmueHDTools", "ShenmueHDTools\ShenmueHDTools.csproj", "{D8A719CC-7B09-4487-9B5F-84E37BEE258A}"
EndProject
Global
	GlobalSection(SolutionConfigurationPlatforms) = preSolution
		Debug|Any CPU = Debug|Any CPU
		Release|Any CPU = Release|Any CPU
	EndGlobalSection
	GlobalSection(ProjectConfigurationPlatforms) = postSolution
		{D8A719CC-7B09-4487-9B5F-84E37BEE258A}.Debug|Any CPU.ActiveCfg = Debug|Any CPU
		{D8A719CC-7B09-4487-9B5F-84E37BEE258A}.Debug|Any CPU.Build.0 = Debug|Any CPU
		{D8A719CC-7B09-4487-9B5F-84E37BEE258A}.Release|Any CPU.ActiveCfg = Release|Any CPU
		{D8A719CC-7B09-4487-9B5F-84E37BEE258A}.Release|Any CPU.Build.0 = Release|Any CPU
	EndGlobalSection
	GlobalSection(SolutionProperties) = preSolution
		HideSolutionNode = FALSE
	EndGlobalSection
	GlobalSection(ExtensibilityGlobals) = postSolution
		SolutionGuid = {5F559D52-7C47-42A9-80CF-4C9DB40501AA}
	EndGlobalSection
EndGlobal
